
Microsoft Visual Studio Solution File, Format Version 12.00
# Visual Studio Version 16
VisualStudioVersion = 16.0.31005.135
MinimumVisualStudioVersion = 10.0.40219.1
Project("{FAE04EC0-301F-11D3-BF4B-00C04F79EFBC}") = "Banner Printing App", "Banner Printing App\Banner Printing App.csproj", "{8D819C5B-31A3-4A6D-9CB9-40F038E38AE1}"
EndProject
Global
	GlobalSection(SolutionConfigurationPlatforms) = preSolution
		Debug|Any CPU = Debug|Any CPU
		Release|Any CPU = Release|Any CPU
	EndGlobalSection
	GlobalSection(ProjectConfigurationPlatforms) = postSolution
		{8D819C5B-31A3-4A6D-9CB9-40F038E38AE1}.Debug|Any CPU.ActiveCfg = Debug|Any CPU
		{8D819C5B-31A3-4A6D-9CB9-40F038E38AE1}.Debug|Any CPU.Build.0 = Debug|Any CPU
		{8D819C5B-31A3-4A6D-9CB9-40F038E38AE1}.Release|Any CPU.ActiveCfg = Release|Any CPU
		{8D819C5B-31A3-4A6D-9CB9-40F038E38AE1}.Release|Any CPU.Build.0 = Release|Any CPU
	EndGlobalSection
	GlobalSection(SolutionProperties) = preSolution
		HideSolutionNode = FALSE
	EndGlobalSection
	GlobalSection(ExtensibilityGlobals) = postSolution
		SolutionGuid = {319D64E4-4F04-4791-AEAF-B2216D017C09}
	EndGlobalSection
EndGlobal
