
Microsoft Visual Studio Solution File, Format Version 12.00
# Visual Studio Version 17
VisualStudioVersion = 17.11.35222.181
MinimumVisualStudioVersion = 10.0.40219.1
Project("{FAE04EC0-301F-11D3-BF4B-00C04F79EFBC}") = "LittlePrinter", "LittlePrinter\LittlePrinter.csproj", "{9264E2CE-FF10-4E9A-8601-37DD6C0EACFA}"
EndProject
Global
	GlobalSection(SolutionConfigurationPlatforms) = preSolution
		Debug|Any CPU = Debug|Any CPU
		Release|Any CPU = Release|Any CPU
	EndGlobalSection
	GlobalSection(ProjectConfigurationPlatforms) = postSolution
		{9264E2CE-FF10-4E9A-8601-37DD6C0EACFA}.Debug|Any CPU.ActiveCfg = Debug|Any CPU
		{9264E2CE-FF10-4E9A-8601-37DD6C0EACFA}.Debug|Any CPU.Build.0 = Debug|Any CPU
		{9264E2CE-FF10-4E9A-8601-37DD6C0EACFA}.Release|Any CPU.ActiveCfg = Release|Any CPU
		{9264E2CE-FF10-4E9A-8601-37DD6C0EACFA}.Release|Any CPU.Build.0 = Release|Any CPU
	EndGlobalSection
	GlobalSection(SolutionProperties) = preSolution
		HideSolutionNode = FALSE
	EndGlobalSection
	GlobalSection(ExtensibilityGlobals) = postSolution
		SolutionGuid = {381F3FFE-F6A1-4FD4-8BF5-0813137082E5}
	EndGlobalSection
EndGlobal
