
Microsoft Visual Studio Solution File, Format Version 12.00
# Visual Studio Version 17
VisualStudioVersion = 17.3.32819.101
MinimumVisualStudioVersion = 10.0.40219.1
Project("{FAE04EC0-301F-11D3-BF4B-00C04F79EFBC}") = "SortAlgorithms", "SortAlgorithms\SortAlgorithms.csproj", "{659B1C6C-58B5-4F7C-A173-4C055033E364}"
EndProject
Global
	GlobalSection(SolutionConfigurationPlatforms) = preSolution
		Debug|Any CPU = Debug|Any CPU
		Release|Any CPU = Release|Any CPU
	EndGlobalSection
	GlobalSection(ProjectConfigurationPlatforms) = postSolution
		{659B1C6C-58B5-4F7C-A173-4C055033E364}.Debug|Any CPU.ActiveCfg = Debug|Any CPU
		{659B1C6C-58B5-4F7C-A173-4C055033E364}.Debug|Any CPU.Build.0 = Debug|Any CPU
		{659B1C6C-58B5-4F7C-A173-4C055033E364}.Release|Any CPU.ActiveCfg = Release|Any CPU
		{659B1C6C-58B5-4F7C-A173-4C055033E364}.Release|Any CPU.Build.0 = Release|Any CPU
	EndGlobalSection
	GlobalSection(SolutionProperties) = preSolution
		HideSolutionNode = FALSE
	EndGlobalSection
	GlobalSection(ExtensibilityGlobals) = postSolution
		SolutionGuid = {5B44088F-8C54-4FFB-9C7D-74AD8B7AC888}
	EndGlobalSection
EndGlobal
